
Microsoft Visual Studio Solution File, Format Version 12.00
# Visual Studio Version 16
VisualStudioVersion = 16.0.31729.503
MinimumVisualStudioVersion = 10.0.40219.1
Project("{FAE04EC0-301F-11D3-BF4B-00C04F79EFBC}") = "DemoBranches", "DemoBranches\DemoBranches.csproj", "{324FA776-BFCA-4BB2-9B21-5CBF90BCBC7F}"
EndProject
Global
	GlobalSection(SolutionConfigurationPlatforms) = preSolution
		Debug|Any CPU = Debug|Any CPU
		Release|Any CPU = Release|Any CPU
	EndGlobalSection
	GlobalSection(ProjectConfigurationPlatforms) = postSolution
		{324FA776-BFCA-4BB2-9B21-5CBF90BCBC7F}.Debug|Any CPU.ActiveCfg = Debug|Any CPU
		{324FA776-BFCA-4BB2-9B21-5CBF90BCBC7F}.Debug|Any CPU.Build.0 = Debug|Any CPU
		{324FA776-BFCA-4BB2-9B21-5CBF90BCBC7F}.Release|Any CPU.ActiveCfg = Release|Any CPU
		{324FA776-BFCA-4BB2-9B21-5CBF90BCBC7F}.Release|Any CPU.Build.0 = Release|Any CPU
	EndGlobalSection
	GlobalSection(SolutionProperties) = preSolution
		HideSolutionNode = FALSE
	EndGlobalSection
	GlobalSection(ExtensibilityGlobals) = postSolution
		SolutionGuid = {14E89FDA-8F1D-46AF-9786-6540B1813418}
	EndGlobalSection
EndGlobal
